
Microsoft Visual Studio Solution File, Format Version 12.00
# Visual Studio Version 16
VisualStudioVersion = 16.0.30611.23
MinimumVisualStudioVersion = 10.0.40219.1
Project("{9A19103F-16F7-4668-BE54-9A1E7A4F7556}") = "Server", "Server\Server.csproj", "{846053CB-6CF9-463A-AE4B-CEFD30EDABA4}"
EndProject
Project("{FAE04EC0-301F-11D3-BF4B-00C04F79EFBC}") = "Assembly-CSharp", "Client\PhotonServerTestClient\Assembly-CSharp.csproj", "{C81A44AC-8BB9-95F8-1860-2360A91CFDA6}"
EndProject
Global
	GlobalSection(SolutionConfigurationPlatforms) = preSolution
		Debug|Any CPU = Debug|Any CPU
		Release|Any CPU = Release|Any CPU
	EndGlobalSection
	GlobalSection(ProjectConfigurationPlatforms) = postSolution
		{846053CB-6CF9-463A-AE4B-CEFD30EDABA4}.Debug|Any CPU.ActiveCfg = Debug|Any CPU
		{846053CB-6CF9-463A-AE4B-CEFD30EDABA4}.Debug|Any CPU.Build.0 = Debug|Any CPU
		{846053CB-6CF9-463A-AE4B-CEFD30EDABA4}.Release|Any CPU.ActiveCfg = Release|Any CPU
		{846053CB-6CF9-463A-AE4B-CEFD30EDABA4}.Release|Any CPU.Build.0 = Release|Any CPU
		{C81A44AC-8BB9-95F8-1860-2360A91CFDA6}.Debug|Any CPU.ActiveCfg = Debug|Any CPU
		{C81A44AC-8BB9-95F8-1860-2360A91CFDA6}.Debug|Any CPU.Build.0 = Debug|Any CPU
		{C81A44AC-8BB9-95F8-1860-2360A91CFDA6}.Release|Any CPU.ActiveCfg = Debug|Any CPU
		{C81A44AC-8BB9-95F8-1860-2360A91CFDA6}.Release|Any CPU.Build.0 = Debug|Any CPU
	EndGlobalSection
	GlobalSection(SolutionProperties) = preSolution
		HideSolutionNode = FALSE
	EndGlobalSection
	GlobalSection(ExtensibilityGlobals) = postSolution
		SolutionGuid = {9AB83A52-4E6F-4631-960D-7D132298F6A9}
	EndGlobalSection
EndGlobal
